
Microsoft Visual Studio Solution File, Format Version 12.00
# Visual Studio Version 17
VisualStudioVersion = 17.3.32929.385
MinimumVisualStudioVersion = 10.0.40219.1
Project("{FAE04EC0-301F-11D3-BF4B-00C04F79EFBC}") = "Encryption", "Encryption.csproj", "{339D4EBB-7247-46FB-9F1C-412AC16C7123}"
EndProject
Global
	GlobalSection(SolutionConfigurationPlatforms) = preSolution
		Debug|Any CPU = Debug|Any CPU
		Release|Any CPU = Release|Any CPU
	EndGlobalSection
	GlobalSection(ProjectConfigurationPlatforms) = postSolution
		{339D4EBB-7247-46FB-9F1C-412AC16C7123}.Debug|Any CPU.ActiveCfg = Debug|Any CPU
		{339D4EBB-7247-46FB-9F1C-412AC16C7123}.Debug|Any CPU.Build.0 = Debug|Any CPU
		{339D4EBB-7247-46FB-9F1C-412AC16C7123}.Release|Any CPU.ActiveCfg = Release|Any CPU
		{339D4EBB-7247-46FB-9F1C-412AC16C7123}.Release|Any CPU.Build.0 = Release|Any CPU
	EndGlobalSection
	GlobalSection(SolutionProperties) = preSolution
		HideSolutionNode = FALSE
	EndGlobalSection
	GlobalSection(ExtensibilityGlobals) = postSolution
		SolutionGuid = {1CFFD1A9-6156-4688-A47D-EB7842B50E22}
	EndGlobalSection
EndGlobal
